
Microsoft Visual Studio Solution File, Format Version 12.00
# Visual Studio Version 16
VisualStudioVersion = 16.0.31005.135
MinimumVisualStudioVersion = 10.0.40219.1
Project("{FAE04EC0-301F-11D3-BF4B-00C04F79EFBC}") = "BSTbigO", "BSTbigO\BSTbigO.csproj", "{1DFD5A84-5F12-4D3E-8714-9652FA2984FC}"
EndProject
Global
	GlobalSection(SolutionConfigurationPlatforms) = preSolution
		Debug|Any CPU = Debug|Any CPU
		Release|Any CPU = Release|Any CPU
	EndGlobalSection
	GlobalSection(ProjectConfigurationPlatforms) = postSolution
		{1DFD5A84-5F12-4D3E-8714-9652FA2984FC}.Debug|Any CPU.ActiveCfg = Debug|Any CPU
		{1DFD5A84-5F12-4D3E-8714-9652FA2984FC}.Debug|Any CPU.Build.0 = Debug|Any CPU
		{1DFD5A84-5F12-4D3E-8714-9652FA2984FC}.Release|Any CPU.ActiveCfg = Release|Any CPU
		{1DFD5A84-5F12-4D3E-8714-9652FA2984FC}.Release|Any CPU.Build.0 = Release|Any CPU
	EndGlobalSection
	GlobalSection(SolutionProperties) = preSolution
		HideSolutionNode = FALSE
	EndGlobalSection
	GlobalSection(ExtensibilityGlobals) = postSolution
		SolutionGuid = {CC0F2958-95BC-49D7-BEB5-13CD236AAFD0}
	EndGlobalSection
EndGlobal
